
Microsoft Visual Studio Solution File, Format Version 12.00
# Visual Studio 14
VisualStudioVersion = 14.0.25420.1
MinimumVisualStudioVersion = 10.0.40219.1
Project("{FAE04EC0-301F-11D3-BF4B-00C04F79EFBC}") = "WineAndCheese.WebUI", "WineAndCheese.WebUI\WineAndCheese.WebUI.csproj", "{BE4DAE99-4A41-43D7-8AB2-370FB4674827}"
EndProject
Project("{FAE04EC0-301F-11D3-BF4B-00C04F79EFBC}") = "WineAndCheese.WebUI.Tests", "WineAndCheese.WebUI.Tests\WineAndCheese.WebUI.Tests.csproj", "{9A8F0586-3A1A-4F66-8422-1EBC2C3EA6DD}"
EndProject
Project("{FAE04EC0-301F-11D3-BF4B-00C04F79EFBC}") = "WineAndCheese.Interfaces", "WineAndCheese.Interfaces\WineAndCheese.Interfaces.csproj", "{A6B84B7F-E88B-4406-982E-2BB5F75B6928}"
EndProject
Project("{FAE04EC0-301F-11D3-BF4B-00C04F79EFBC}") = "WineAndCheese.Model", "WineAndCheese.Model\WineAndCheese.Model.csproj", "{9297A877-3238-4CA7-B613-588D16C4727A}"
EndProject
Project("{00D1A9C2-B5F0-4AF3-8072-F6C62B433612}") = "WineAndCheese.Database", "WineAndCheese.Database\WineAndCheese.Database.sqlproj", "{71AE71D5-47A1-49E2-B53C-C8AF5AD4F33F}"
EndProject
Global
	GlobalSection(SolutionConfigurationPlatforms) = preSolution
		Debug|Any CPU = Debug|Any CPU
		Release|Any CPU = Release|Any CPU
	EndGlobalSection
	GlobalSection(ProjectConfigurationPlatforms) = postSolution
		{BE4DAE99-4A41-43D7-8AB2-370FB4674827}.Debug|Any CPU.ActiveCfg = Debug|Any CPU
		{BE4DAE99-4A41-43D7-8AB2-370FB4674827}.Debug|Any CPU.Build.0 = Debug|Any CPU
		{BE4DAE99-4A41-43D7-8AB2-370FB4674827}.Release|Any CPU.ActiveCfg = Release|Any CPU
		{BE4DAE99-4A41-43D7-8AB2-370FB4674827}.Release|Any CPU.Build.0 = Release|Any CPU
		{9A8F0586-3A1A-4F66-8422-1EBC2C3EA6DD}.Debug|Any CPU.ActiveCfg = Debug|Any CPU
		{9A8F0586-3A1A-4F66-8422-1EBC2C3EA6DD}.Debug|Any CPU.Build.0 = Debug|Any CPU
		{9A8F0586-3A1A-4F66-8422-1EBC2C3EA6DD}.Release|Any CPU.ActiveCfg = Release|Any CPU
		{9A8F0586-3A1A-4F66-8422-1EBC2C3EA6DD}.Release|Any CPU.Build.0 = Release|Any CPU
		{A6B84B7F-E88B-4406-982E-2BB5F75B6928}.Debug|Any CPU.ActiveCfg = Debug|Any CPU
		{A6B84B7F-E88B-4406-982E-2BB5F75B6928}.Debug|Any CPU.Build.0 = Debug|Any CPU
		{A6B84B7F-E88B-4406-982E-2BB5F75B6928}.Release|Any CPU.ActiveCfg = Release|Any CPU
		{A6B84B7F-E88B-4406-982E-2BB5F75B6928}.Release|Any CPU.Build.0 = Release|Any CPU
		{9297A877-3238-4CA7-B613-588D16C4727A}.Debug|Any CPU.ActiveCfg = Debug|Any CPU
		{9297A877-3238-4CA7-B613-588D16C4727A}.Debug|Any CPU.Build.0 = Debug|Any CPU
		{9297A877-3238-4CA7-B613-588D16C4727A}.Release|Any CPU.ActiveCfg = Release|Any CPU
		{9297A877-3238-4CA7-B613-588D16C4727A}.Release|Any CPU.Build.0 = Release|Any CPU
		{71AE71D5-47A1-49E2-B53C-C8AF5AD4F33F}.Debug|Any CPU.ActiveCfg = Debug|Any CPU
		{71AE71D5-47A1-49E2-B53C-C8AF5AD4F33F}.Debug|Any CPU.Build.0 = Debug|Any CPU
		{71AE71D5-47A1-49E2-B53C-C8AF5AD4F33F}.Debug|Any CPU.Deploy.0 = Debug|Any CPU
		{71AE71D5-47A1-49E2-B53C-C8AF5AD4F33F}.Release|Any CPU.ActiveCfg = Release|Any CPU
		{71AE71D5-47A1-49E2-B53C-C8AF5AD4F33F}.Release|Any CPU.Build.0 = Release|Any CPU
		{71AE71D5-47A1-49E2-B53C-C8AF5AD4F33F}.Release|Any CPU.Deploy.0 = Release|Any CPU
	EndGlobalSection
	GlobalSection(SolutionProperties) = preSolution
		HideSolutionNode = FALSE
	EndGlobalSection
EndGlobal
